
Microsoft Visual Studio Solution File, Format Version 12.00
# Visual Studio Version 16
VisualStudioVersion = 16.0.30804.86
MinimumVisualStudioVersion = 10.0.40219.1
Project("{9A19103F-16F7-4668-BE54-9A1E7A4F7556}") = "EightBall", "EightBall\EightBall.csproj", "{456B0131-E6F3-4AA9-929A-5EFBB1F13273}"
EndProject
Project("{9A19103F-16F7-4668-BE54-9A1E7A4F7556}") = "EightBallTests", "EightBallTests\EightBallTests.csproj", "{B32EC46D-E818-4339-96E5-B18A0F0B9560}"
EndProject
Project("{9A19103F-16F7-4668-BE54-9A1E7A4F7556}") = "EightBallLib", "EightBallLib\EightBallLib.csproj", "{A3493115-53E9-4E42-BE35-AF871F656ACC}"
EndProject
Project("{9A19103F-16F7-4668-BE54-9A1E7A4F7556}") = "LanguagePacks", "LanguagePacks\LanguagePacks.csproj", "{7C9EE757-EE0D-40BA-B90D-8F989ED7C1C3}"
EndProject
Global
	GlobalSection(SolutionConfigurationPlatforms) = preSolution
		Debug|Any CPU = Debug|Any CPU
		Release|Any CPU = Release|Any CPU
	EndGlobalSection
	GlobalSection(ProjectConfigurationPlatforms) = postSolution
		{456B0131-E6F3-4AA9-929A-5EFBB1F13273}.Debug|Any CPU.ActiveCfg = Debug|Any CPU
		{456B0131-E6F3-4AA9-929A-5EFBB1F13273}.Debug|Any CPU.Build.0 = Debug|Any CPU
		{456B0131-E6F3-4AA9-929A-5EFBB1F13273}.Release|Any CPU.ActiveCfg = Release|Any CPU
		{456B0131-E6F3-4AA9-929A-5EFBB1F13273}.Release|Any CPU.Build.0 = Release|Any CPU
		{B32EC46D-E818-4339-96E5-B18A0F0B9560}.Debug|Any CPU.ActiveCfg = Debug|Any CPU
		{B32EC46D-E818-4339-96E5-B18A0F0B9560}.Debug|Any CPU.Build.0 = Debug|Any CPU
		{B32EC46D-E818-4339-96E5-B18A0F0B9560}.Release|Any CPU.ActiveCfg = Release|Any CPU
		{B32EC46D-E818-4339-96E5-B18A0F0B9560}.Release|Any CPU.Build.0 = Release|Any CPU
		{A3493115-53E9-4E42-BE35-AF871F656ACC}.Debug|Any CPU.ActiveCfg = Debug|Any CPU
		{A3493115-53E9-4E42-BE35-AF871F656ACC}.Debug|Any CPU.Build.0 = Debug|Any CPU
		{A3493115-53E9-4E42-BE35-AF871F656ACC}.Release|Any CPU.ActiveCfg = Release|Any CPU
		{A3493115-53E9-4E42-BE35-AF871F656ACC}.Release|Any CPU.Build.0 = Release|Any CPU
		{7C9EE757-EE0D-40BA-B90D-8F989ED7C1C3}.Debug|Any CPU.ActiveCfg = Debug|Any CPU
		{7C9EE757-EE0D-40BA-B90D-8F989ED7C1C3}.Debug|Any CPU.Build.0 = Debug|Any CPU
		{7C9EE757-EE0D-40BA-B90D-8F989ED7C1C3}.Release|Any CPU.ActiveCfg = Release|Any CPU
		{7C9EE757-EE0D-40BA-B90D-8F989ED7C1C3}.Release|Any CPU.Build.0 = Release|Any CPU
	EndGlobalSection
	GlobalSection(SolutionProperties) = preSolution
		HideSolutionNode = FALSE
	EndGlobalSection
	GlobalSection(ExtensibilityGlobals) = postSolution
		SolutionGuid = {443B4684-83DB-4F4E-9AA8-2BFF379C1394}
	EndGlobalSection
EndGlobal
